
Microsoft Visual Studio Solution File, Format Version 12.00
# Visual Studio Version 17
VisualStudioVersion = 17.2.32505.173
MinimumVisualStudioVersion = 10.0.40219.1
Project("{FAE04EC0-301F-11D3-BF4B-00C04F79EFBC}") = "propuesto2-1", "propuesto2-1\propuesto2-1.csproj", "{5AA3A48A-5DA7-497E-B782-446B9A98074A}"
EndProject
Global
	GlobalSection(SolutionConfigurationPlatforms) = preSolution
		Debug|Any CPU = Debug|Any CPU
		Release|Any CPU = Release|Any CPU
	EndGlobalSection
	GlobalSection(ProjectConfigurationPlatforms) = postSolution
		{5AA3A48A-5DA7-497E-B782-446B9A98074A}.Debug|Any CPU.ActiveCfg = Debug|Any CPU
		{5AA3A48A-5DA7-497E-B782-446B9A98074A}.Debug|Any CPU.Build.0 = Debug|Any CPU
		{5AA3A48A-5DA7-497E-B782-446B9A98074A}.Release|Any CPU.ActiveCfg = Release|Any CPU
		{5AA3A48A-5DA7-497E-B782-446B9A98074A}.Release|Any CPU.Build.0 = Release|Any CPU
	EndGlobalSection
	GlobalSection(SolutionProperties) = preSolution
		HideSolutionNode = FALSE
	EndGlobalSection
	GlobalSection(ExtensibilityGlobals) = postSolution
		SolutionGuid = {8AE4D5C7-2BA7-449E-AD25-75DB65417716}
	EndGlobalSection
EndGlobal
