
Microsoft Visual Studio Solution File, Format Version 12.00
# Visual Studio Version 17
VisualStudioVersion = 17.2.32505.173
MinimumVisualStudioVersion = 10.0.40219.1
Project("{FAE04EC0-301F-11D3-BF4B-00C04F79EFBC}") = "Propuestos3-3", "Propuestos3-3\Propuestos3-3.csproj", "{E1ADDF3B-D411-4EFD-8628-D385BAC7C53C}"
EndProject
Global
	GlobalSection(SolutionConfigurationPlatforms) = preSolution
		Debug|Any CPU = Debug|Any CPU
		Release|Any CPU = Release|Any CPU
	EndGlobalSection
	GlobalSection(ProjectConfigurationPlatforms) = postSolution
		{E1ADDF3B-D411-4EFD-8628-D385BAC7C53C}.Debug|Any CPU.ActiveCfg = Debug|Any CPU
		{E1ADDF3B-D411-4EFD-8628-D385BAC7C53C}.Debug|Any CPU.Build.0 = Debug|Any CPU
		{E1ADDF3B-D411-4EFD-8628-D385BAC7C53C}.Release|Any CPU.ActiveCfg = Release|Any CPU
		{E1ADDF3B-D411-4EFD-8628-D385BAC7C53C}.Release|Any CPU.Build.0 = Release|Any CPU
	EndGlobalSection
	GlobalSection(SolutionProperties) = preSolution
		HideSolutionNode = FALSE
	EndGlobalSection
	GlobalSection(ExtensibilityGlobals) = postSolution
		SolutionGuid = {F33200B8-39D7-4AD0-A2FE-F640FD719C96}
	EndGlobalSection
EndGlobal
